
Microsoft Visual Studio Solution File, Format Version 12.00
# Visual Studio Version 16
VisualStudioVersion = 16.0.31729.503
MinimumVisualStudioVersion = 10.0.40219.1
Project("{FAE04EC0-301F-11D3-BF4B-00C04F79EFBC}") = "SmSQueue", "SmSQueue.csproj", "{B275DF7C-4FB4-4AFB-B6D5-BD918F3FA15F}"
EndProject
Project("{FAE04EC0-301F-11D3-BF4B-00C04F79EFBC}") = "SmSQueue.Core", "SmSQueue.Core\SmSQueue.Core.csproj", "{89985F1D-3B6B-4DEC-BD43-8C9F7D3FEC8A}"
EndProject
Project("{FAE04EC0-301F-11D3-BF4B-00C04F79EFBC}") = "SmSQueue.Tests", "SmSQueue.Tests\SmSQueue.Tests.csproj", "{4A547F9C-6101-4D28-9E1C-4DC9EBB60DC2}"
EndProject
Global
	GlobalSection(SolutionConfigurationPlatforms) = preSolution
		Debug|Any CPU = Debug|Any CPU
		Release|Any CPU = Release|Any CPU
	EndGlobalSection
	GlobalSection(ProjectConfigurationPlatforms) = postSolution
		{B275DF7C-4FB4-4AFB-B6D5-BD918F3FA15F}.Debug|Any CPU.ActiveCfg = Debug|Any CPU
		{B275DF7C-4FB4-4AFB-B6D5-BD918F3FA15F}.Debug|Any CPU.Build.0 = Debug|Any CPU
		{B275DF7C-4FB4-4AFB-B6D5-BD918F3FA15F}.Release|Any CPU.ActiveCfg = Release|Any CPU
		{B275DF7C-4FB4-4AFB-B6D5-BD918F3FA15F}.Release|Any CPU.Build.0 = Release|Any CPU
		{89985F1D-3B6B-4DEC-BD43-8C9F7D3FEC8A}.Debug|Any CPU.ActiveCfg = Debug|Any CPU
		{89985F1D-3B6B-4DEC-BD43-8C9F7D3FEC8A}.Debug|Any CPU.Build.0 = Debug|Any CPU
		{89985F1D-3B6B-4DEC-BD43-8C9F7D3FEC8A}.Release|Any CPU.ActiveCfg = Release|Any CPU
		{89985F1D-3B6B-4DEC-BD43-8C9F7D3FEC8A}.Release|Any CPU.Build.0 = Release|Any CPU
		{4A547F9C-6101-4D28-9E1C-4DC9EBB60DC2}.Debug|Any CPU.ActiveCfg = Debug|Any CPU
		{4A547F9C-6101-4D28-9E1C-4DC9EBB60DC2}.Debug|Any CPU.Build.0 = Debug|Any CPU
		{4A547F9C-6101-4D28-9E1C-4DC9EBB60DC2}.Release|Any CPU.ActiveCfg = Release|Any CPU
		{4A547F9C-6101-4D28-9E1C-4DC9EBB60DC2}.Release|Any CPU.Build.0 = Release|Any CPU
	EndGlobalSection
	GlobalSection(SolutionProperties) = preSolution
		HideSolutionNode = FALSE
	EndGlobalSection
	GlobalSection(ExtensibilityGlobals) = postSolution
		SolutionGuid = {E832F1D7-DF8D-4B47-BB38-CF0C998084F6}
	EndGlobalSection
EndGlobal
